
Microsoft Visual Studio Solution File, Format Version 12.00
# Visual Studio Version 17
VisualStudioVersion = 17.4.33213.308
MinimumVisualStudioVersion = 10.0.40219.1
Project("{9A19103F-16F7-4668-BE54-9A1E7A4F7556}") = "SP2023-Assignment2-rggrant1", "SP2023-Assignment2-rggrant1\SP2023-Assignment2-rggrant1.csproj", "{11C22D8D-6641-4B0A-869A-ADAD0D8E86A0}"
EndProject
Global
	GlobalSection(SolutionConfigurationPlatforms) = preSolution
		Debug|Any CPU = Debug|Any CPU
		Release|Any CPU = Release|Any CPU
	EndGlobalSection
	GlobalSection(ProjectConfigurationPlatforms) = postSolution
		{11C22D8D-6641-4B0A-869A-ADAD0D8E86A0}.Debug|Any CPU.ActiveCfg = Debug|Any CPU
		{11C22D8D-6641-4B0A-869A-ADAD0D8E86A0}.Debug|Any CPU.Build.0 = Debug|Any CPU
		{11C22D8D-6641-4B0A-869A-ADAD0D8E86A0}.Release|Any CPU.ActiveCfg = Release|Any CPU
		{11C22D8D-6641-4B0A-869A-ADAD0D8E86A0}.Release|Any CPU.Build.0 = Release|Any CPU
	EndGlobalSection
	GlobalSection(SolutionProperties) = preSolution
		HideSolutionNode = FALSE
	EndGlobalSection
	GlobalSection(ExtensibilityGlobals) = postSolution
		SolutionGuid = {A33E0C16-F553-4437-89B9-5509A0FDFA82}
	EndGlobalSection
EndGlobal
