
Microsoft Visual Studio Solution File, Format Version 12.00
# Visual Studio Version 17
VisualStudioVersion = 17.4.33213.308
MinimumVisualStudioVersion = 10.0.40219.1
Project("{FAE04EC0-301F-11D3-BF4B-00C04F79EFBC}") = "SP2023-Assignment2-rggrant1", "SP2023-Assignment2-rggrant1\SP2023-Assignment2-rggrant1.csproj", "{22F44BBE-7F8A-43D2-B61E-CDF964A40D75}"
EndProject
Global
	GlobalSection(SolutionConfigurationPlatforms) = preSolution
		Debug|Any CPU = Debug|Any CPU
		Release|Any CPU = Release|Any CPU
	EndGlobalSection
	GlobalSection(ProjectConfigurationPlatforms) = postSolution
		{22F44BBE-7F8A-43D2-B61E-CDF964A40D75}.Debug|Any CPU.ActiveCfg = Debug|Any CPU
		{22F44BBE-7F8A-43D2-B61E-CDF964A40D75}.Debug|Any CPU.Build.0 = Debug|Any CPU
		{22F44BBE-7F8A-43D2-B61E-CDF964A40D75}.Release|Any CPU.ActiveCfg = Release|Any CPU
		{22F44BBE-7F8A-43D2-B61E-CDF964A40D75}.Release|Any CPU.Build.0 = Release|Any CPU
	EndGlobalSection
	GlobalSection(SolutionProperties) = preSolution
		HideSolutionNode = FALSE
	EndGlobalSection
	GlobalSection(ExtensibilityGlobals) = postSolution
		SolutionGuid = {0B1AC250-3221-4620-BF2B-C13542D068E4}
	EndGlobalSection
EndGlobal
